{
  "name": "my-new-package",
  "version": "0.0.0-pre",
  "lockfileVersion": 1,
  "requires": true,
  "dependencies": {
    "@depack/nodejs": {
      "version": "1.1.4",
      "resolved": "https://registry.npmjs.org/@depack/nodejs/-/nodejs-1.1.4.tgz",
      "integrity": "sha512-vtmNtylOPNjFkQHOgC1M8Ru9c211FgtD3sG3KGS9dvlcHDUAiNoJ52gVwOep5Tkp0I4qmwPx3oyTV6OwKchmlg==",
      "dev": true
    },
    "@externs/nodejs": {
      "version": "1.5.0",
      "resolved": "https://registry.npmjs.org/@externs/nodejs/-/nodejs-1.5.0.tgz",
      "integrity": "sha512-2J+FRDjGfKKldTQ5YqLmhQ04/sA9swTQ6OTtPzo4xhg41u1+eiufciXiqW6u3UXEcmm413a27NakgnLbzfp0wQ==",
      "dev": true
    },
    "@zoroaster/assert": {
      "version": "1.0.2",
      "resolved": "https://registry.npmjs.org/@zoroaster/assert/-/assert-1.0.2.tgz",
      "integrity": "sha512-5C0LDzW8DkiSSCLyYO9ux3R5ru65yEn/GtxH1wh7ukRhLAZ/Svx4+A81YvciXcn35B2VmvCqyiTrhNdxdgusSw==",
      "dev": true
    },
    "@zoroaster/mask": {
      "version": "2.3.0",
      "resolved": "https://registry.npmjs.org/@zoroaster/mask/-/mask-2.3.0.tgz",
      "integrity": "sha512-fufal06pS/SYhOKHCmoFQ+PjhQwsCwMr2h0D2xeiVaXstaWHJVEiLg4+BU/KCmOOzLXLKikf81ca4zFXip7ScQ==",
      "dev": true
    },
    "alamode": {
      "version": "3.3.0",
      "resolved": "https://registry.npmjs.org/alamode/-/alamode-3.3.0.tgz",
      "integrity": "sha512-/Xi0rZ0HAyobAIi8DJQMeFF3kRrr15PGuYRwvxmQaOqSO3WJgXOsmhL6sZQuvD/okZztzujMxMA+21WOD2rYyQ==",
      "dev": true
    },
    "argufy": {
      "version": "1.7.5",
      "resolved": "https://registry.npmjs.org/argufy/-/argufy-1.7.5.tgz",
      "integrity": "sha512-vc/AqYhXqQyDSTVRx2RNIlKNTwSdsVBP3Tp512kOCgzz8IIaHbdebVdi3PDRG1PUXv0oH/KBzdvDlS04fVV9Jg==",
      "dev": true
    },
    "depack": {
      "version": "1.0.1",
      "resolved": "https://registry.npmjs.org/depack/-/depack-1.0.1.tgz",
      "integrity": "sha512-W1etv1UIcdoRDqN8JzwcD8T1ZUylbppmqMQulu54YMoTSMAVmqcp8lnR17og8RtvHFlI41qpi58SMgnU3C6hPQ==",
      "dev": true,
      "requires": {
        "@depack/nodejs": "^1.1.4",
        "@externs/nodejs": "^1.5.0"
      }
    },
    "documentary": {
      "version": "1.35.8",
      "resolved": "https://registry.npmjs.org/documentary/-/documentary-1.35.8.tgz",
      "integrity": "sha512-/V3Qs4oru12RFl0zif4TPmTcJ0whCnaWZxOsblpkzyFx7wZkWK9QTMGMz1C2Qv2aYVswMjV2BKQuE5UBHAsa6Q==",
      "dev": true,
      "requires": {
        "alamode": "^3.3.0",
        "preact": "8.5.3",
        "typal": "^1.24.19"
      },
      "dependencies": {
        "typal": {
          "version": "1.24.19",
          "resolved": "https://registry.npmjs.org/typal/-/typal-1.24.19.tgz",
          "integrity": "sha512-LAdurZ+1RxVKXkxGR9qr+CM7b5DfQ+HB7zk1dBd2YVL3mcCS+s0K5k/5plxM3NMPcmjQi12nz2woWxoQp9nnbQ==",
          "dev": true
        }
      }
    },
    "erte": {
      "version": "1.2.0",
      "resolved": "https://registry.npmjs.org/erte/-/erte-1.2.0.tgz",
      "integrity": "sha512-saxyNviRCvFENCyZ66O58cY8icaraVeQOgGks6ujsBeS7zf3yyjXrhyfMpERZo7SJH1KKdXcSQqgemxW6eIpjA==",
      "dev": true
    },
    "eslint-config-artdeco": {
      "version": "1.0.1",
      "resolved": "https://registry.npmjs.org/eslint-config-artdeco/-/eslint-config-artdeco-1.0.1.tgz",
      "integrity": "sha1-RFHJ0O0c5NM9/UOmMV8SyL+wQnQ=",
      "dev": true
    },
    "indicatrix": {
      "version": "1.4.0",
      "resolved": "https://registry.npmjs.org/indicatrix/-/indicatrix-1.4.0.tgz",
      "integrity": "sha512-35LB8ClUvqFFRJhEpllq5H8lnKrQa4CFJapjC0hsU+c8Qr0PCCASf4iffDW28EMHn1AxeY/jTh/ayOpAanUbbQ==",
      "dev": true
    },
    "preact": {
      "version": "8.5.3",
      "resolved": "https://registry.npmjs.org/preact/-/preact-8.5.3.tgz",
      "integrity": "sha512-O3kKP+1YdgqHOFsZF2a9JVdtqD+RPzCQc3rP+Ualf7V6rmRDchZ9MJbiGTT7LuyqFKZqlHSOyO/oMFmI2lVTsw==",
      "dev": true
    },
    "usually": {
      "version": "1.2.0",
      "resolved": "https://registry.npmjs.org/usually/-/usually-1.2.0.tgz",
      "integrity": "sha512-/PIDu3pkZNqYdzOr0Cyq2q8FP3ziBISOvVJtZcypg3BygIW/W618oF4dtK4mhCxbk3bUzrfTbCxDWCCr85bq/g==",
      "dev": true
    },
    "yarn-s": {
      "version": "1.2.1",
      "resolved": "https://registry.npmjs.org/yarn-s/-/yarn-s-1.2.1.tgz",
      "integrity": "sha512-9qnU+hBV/mDJHB//1psEH786C1LEdr8AdXhMMiSh26io0GW0tHy4DEhstgaWlR8gzKF8FMgpoYsDtQdtSAY+8Q==",
      "dev": true
    },
    "zoroaster": {
      "version": "4.1.2",
      "resolved": "https://registry.npmjs.org/zoroaster/-/zoroaster-4.1.2.tgz",
      "integrity": "sha512-mE5RlV12h5bEZ4LBX0NsR5NEwNicLR6kdwXMijWD8vH+8JmbtXuC664ndzsw46lnhmn2VWlafyBi5k/MMCmftA==",
      "dev": true,
      "requires": {
        "@zoroaster/assert": "^1.0.2",
        "@zoroaster/mask": "^2.2.0",
        "alamode": "^3.0.0"
      }
    }
  }
}
